
Microsoft Visual Studio Solution File, Format Version 12.00
# Visual Studio Version 16
VisualStudioVersion = 16.0.31129.286
MinimumVisualStudioVersion = 10.0.40219.1
Project("{FAE04EC0-301F-11D3-BF4B-00C04F79EFBC}") = "ReadEventLog", "ReadEventLog\ReadEventLog.csproj", "{C06EACF5-3B6A-4147-8A98-F8E00C5995C6}"
EndProject
Project("{FAE04EC0-301F-11D3-BF4B-00C04F79EFBC}") = "WinFormEventLogReader", "WinFormEventLogReader\WinFormEventLogReader.csproj", "{8812840C-0E39-4440-8B0F-FBD56158445B}"
EndProject
Global
	GlobalSection(SolutionConfigurationPlatforms) = preSolution
		Debug|Any CPU = Debug|Any CPU
		Release|Any CPU = Release|Any CPU
	EndGlobalSection
	GlobalSection(ProjectConfigurationPlatforms) = postSolution
		{C06EACF5-3B6A-4147-8A98-F8E00C5995C6}.Debug|Any CPU.ActiveCfg = Debug|Any CPU
		{C06EACF5-3B6A-4147-8A98-F8E00C5995C6}.Debug|Any CPU.Build.0 = Debug|Any CPU
		{C06EACF5-3B6A-4147-8A98-F8E00C5995C6}.Release|Any CPU.ActiveCfg = Release|Any CPU
		{C06EACF5-3B6A-4147-8A98-F8E00C5995C6}.Release|Any CPU.Build.0 = Release|Any CPU
		{8812840C-0E39-4440-8B0F-FBD56158445B}.Debug|Any CPU.ActiveCfg = Debug|Any CPU
		{8812840C-0E39-4440-8B0F-FBD56158445B}.Debug|Any CPU.Build.0 = Debug|Any CPU
		{8812840C-0E39-4440-8B0F-FBD56158445B}.Release|Any CPU.ActiveCfg = Release|Any CPU
		{8812840C-0E39-4440-8B0F-FBD56158445B}.Release|Any CPU.Build.0 = Release|Any CPU
	EndGlobalSection
	GlobalSection(SolutionProperties) = preSolution
		HideSolutionNode = FALSE
	EndGlobalSection
	GlobalSection(ExtensibilityGlobals) = postSolution
		SolutionGuid = {576FC850-8CDC-45B4-A9FC-2E31AD201B92}
	EndGlobalSection
EndGlobal
